
Microsoft Visual Studio Solution File, Format Version 12.00
# Visual Studio Version 17
VisualStudioVersion = 17.11.35222.181
MinimumVisualStudioVersion = 10.0.40219.1
Project("{FAE04EC0-301F-11D3-BF4B-00C04F79EFBC}") = "AuthorBookAPI", "AuthorBookAPI\AuthorBookAPI.csproj", "{64741752-BC3D-4240-845C-36D67CBF486F}"
EndProject
Global
	GlobalSection(SolutionConfigurationPlatforms) = preSolution
		Debug|Any CPU = Debug|Any CPU
		Release|Any CPU = Release|Any CPU
	EndGlobalSection
	GlobalSection(ProjectConfigurationPlatforms) = postSolution
		{64741752-BC3D-4240-845C-36D67CBF486F}.Debug|Any CPU.ActiveCfg = Debug|Any CPU
		{64741752-BC3D-4240-845C-36D67CBF486F}.Debug|Any CPU.Build.0 = Debug|Any CPU
		{64741752-BC3D-4240-845C-36D67CBF486F}.Release|Any CPU.ActiveCfg = Release|Any CPU
		{64741752-BC3D-4240-845C-36D67CBF486F}.Release|Any CPU.Build.0 = Release|Any CPU
	EndGlobalSection
	GlobalSection(SolutionProperties) = preSolution
		HideSolutionNode = FALSE
	EndGlobalSection
	GlobalSection(ExtensibilityGlobals) = postSolution
		SolutionGuid = {27F2E2B4-3768-412D-BBD1-E9F0B3725AED}
	EndGlobalSection
EndGlobal
